
Microsoft Visual Studio Solution File, Format Version 12.00
# Visual Studio Version 16
VisualStudioVersion = 16.0.31727.386
MinimumVisualStudioVersion = 10.0.40219.1
Project("{FAE04EC0-301F-11D3-BF4B-00C04F79EFBC}") = "TicTacToe.UWP", "TicTacToe\TicTacToe.UWP\TicTacToe.UWP.csproj", "{7792823C-D08F-4A6B-BA0D-6D142399B963}"
EndProject
Project("{FAE04EC0-301F-11D3-BF4B-00C04F79EFBC}") = "TicTacToe.Android", "TicTacToe\TicTacToe.Android\TicTacToe.Android.csproj", "{17ABD418-75E5-4681-B7D4-53B8E500BD92}"
EndProject
Project("{FAE04EC0-301F-11D3-BF4B-00C04F79EFBC}") = "TicTacToe.iOS", "TicTacToe\TicTacToe.iOS\TicTacToe.iOS.csproj", "{738AF99E-DD52-4DD3-A9CA-044E5D72B3BE}"
EndProject
Project("{FAE04EC0-301F-11D3-BF4B-00C04F79EFBC}") = "TicTacToe", "TicTacToe\TicTacToe\TicTacToe.csproj", "{AC96C279-C725-4427-B53F-6C8684167262}"
EndProject
Global
	GlobalSection(SolutionConfigurationPlatforms) = preSolution
		Debug|Any CPU = Debug|Any CPU
		Debug|ARM = Debug|ARM
		Debug|iPhone = Debug|iPhone
		Debug|iPhoneSimulator = Debug|iPhoneSimulator
		Debug|x64 = Debug|x64
		Debug|x86 = Debug|x86
		Release|Any CPU = Release|Any CPU
		Release|ARM = Release|ARM
		Release|iPhone = Release|iPhone
		Release|iPhoneSimulator = Release|iPhoneSimulator
		Release|x64 = Release|x64
		Release|x86 = Release|x86
	EndGlobalSection
	GlobalSection(ProjectConfigurationPlatforms) = postSolution
		{7792823C-D08F-4A6B-BA0D-6D142399B963}.Debug|Any CPU.ActiveCfg = Debug|x86
		{7792823C-D08F-4A6B-BA0D-6D142399B963}.Debug|Any CPU.Build.0 = Debug|x86
		{7792823C-D08F-4A6B-BA0D-6D142399B963}.Debug|Any CPU.Deploy.0 = Debug|x86
		{7792823C-D08F-4A6B-BA0D-6D142399B963}.Debug|ARM.ActiveCfg = Debug|ARM
		{7792823C-D08F-4A6B-BA0D-6D142399B963}.Debug|ARM.Build.0 = Debug|ARM
		{7792823C-D08F-4A6B-BA0D-6D142399B963}.Debug|ARM.Deploy.0 = Debug|ARM
		{7792823C-D08F-4A6B-BA0D-6D142399B963}.Debug|iPhone.ActiveCfg = Debug|x86
		{7792823C-D08F-4A6B-BA0D-6D142399B963}.Debug|iPhone.Build.0 = Debug|x86
		{7792823C-D08F-4A6B-BA0D-6D142399B963}.Debug|iPhone.Deploy.0 = Debug|x86
		{7792823C-D08F-4A6B-BA0D-6D142399B963}.Debug|iPhoneSimulator.ActiveCfg = Debug|x86
		{7792823C-D08F-4A6B-BA0D-6D142399B963}.Debug|iPhoneSimulator.Build.0 = Debug|x86
		{7792823C-D08F-4A6B-BA0D-6D142399B963}.Debug|iPhoneSimulator.Deploy.0 = Debug|x86
		{7792823C-D08F-4A6B-BA0D-6D142399B963}.Debug|x64.ActiveCfg = Debug|x64
		{7792823C-D08F-4A6B-BA0D-6D142399B963}.Debug|x64.Build.0 = Debug|x64
		{7792823C-D08F-4A6B-BA0D-6D142399B963}.Debug|x64.Deploy.0 = Debug|x64
		{7792823C-D08F-4A6B-BA0D-6D142399B963}.Debug|x86.ActiveCfg = Debug|x86
		{7792823C-D08F-4A6B-BA0D-6D142399B963}.Debug|x86.Build.0 = Debug|x86
		{7792823C-D08F-4A6B-BA0D-6D142399B963}.Debug|x86.Deploy.0 = Debug|x86
		{7792823C-D08F-4A6B-BA0D-6D142399B963}.Release|Any CPU.ActiveCfg = Release|x86
		{7792823C-D08F-4A6B-BA0D-6D142399B963}.Release|Any CPU.Build.0 = Release|x86
		{7792823C-D08F-4A6B-BA0D-6D142399B963}.Release|Any CPU.Deploy.0 = Release|x86
		{7792823C-D08F-4A6B-BA0D-6D142399B963}.Release|ARM.ActiveCfg = Release|ARM
		{7792823C-D08F-4A6B-BA0D-6D142399B963}.Release|ARM.Build.0 = Release|ARM
		{7792823C-D08F-4A6B-BA0D-6D142399B963}.Release|ARM.Deploy.0 = Release|ARM
		{7792823C-D08F-4A6B-BA0D-6D142399B963}.Release|iPhone.ActiveCfg = Release|x86
		{7792823C-D08F-4A6B-BA0D-6D142399B963}.Release|iPhone.Build.0 = Release|x86
		{7792823C-D08F-4A6B-BA0D-6D142399B963}.Release|iPhone.Deploy.0 = Release|x86
		{7792823C-D08F-4A6B-BA0D-6D142399B963}.Release|iPhoneSimulator.ActiveCfg = Release|x86
		{7792823C-D08F-4A6B-BA0D-6D142399B963}.Release|iPhoneSimulator.Build.0 = Release|x86
		{7792823C-D08F-4A6B-BA0D-6D142399B963}.Release|iPhoneSimulator.Deploy.0 = Release|x86
		{7792823C-D08F-4A6B-BA0D-6D142399B963}.Release|x64.ActiveCfg = Release|x64
		{7792823C-D08F-4A6B-BA0D-6D142399B963}.Release|x64.Build.0 = Release|x64
		{7792823C-D08F-4A6B-BA0D-6D142399B963}.Release|x64.Deploy.0 = Release|x64
		{7792823C-D08F-4A6B-BA0D-6D142399B963}.Release|x86.ActiveCfg = Release|x86
		{7792823C-D08F-4A6B-BA0D-6D142399B963}.Release|x86.Build.0 = Release|x86
		{7792823C-D08F-4A6B-BA0D-6D142399B963}.Release|x86.Deploy.0 = Release|x86
		{17ABD418-75E5-4681-B7D4-53B8E500BD92}.Debug|Any CPU.ActiveCfg = Debug|Any CPU
		{17ABD418-75E5-4681-B7D4-53B8E500BD92}.Debug|Any CPU.Build.0 = Debug|Any CPU
		{17ABD418-75E5-4681-B7D4-53B8E500BD92}.Debug|Any CPU.Deploy.0 = Debug|Any CPU
		{17ABD418-75E5-4681-B7D4-53B8E500BD92}.Debug|ARM.ActiveCfg = Debug|Any CPU
		{17ABD418-75E5-4681-B7D4-53B8E500BD92}.Debug|ARM.Build.0 = Debug|Any CPU
		{17ABD418-75E5-4681-B7D4-53B8E500BD92}.Debug|ARM.Deploy.0 = Debug|Any CPU
		{17ABD418-75E5-4681-B7D4-53B8E500BD92}.Debug|iPhone.ActiveCfg = Debug|Any CPU
		{17ABD418-75E5-4681-B7D4-53B8E500BD92}.Debug|iPhone.Build.0 = Debug|Any CPU
		{17ABD418-75E5-4681-B7D4-53B8E500BD92}.Debug|iPhone.Deploy.0 = Debug|Any CPU
		{17ABD418-75E5-4681-B7D4-53B8E500BD92}.Debug|iPhoneSimulator.ActiveCfg = Debug|Any CPU
		{17ABD418-75E5-4681-B7D4-53B8E500BD92}.Debug|iPhoneSimulator.Build.0 = Debug|Any CPU
		{17ABD418-75E5-4681-B7D4-53B8E500BD92}.Debug|iPhoneSimulator.Deploy.0 = Debug|Any CPU
		{17ABD418-75E5-4681-B7D4-53B8E500BD92}.Debug|x64.ActiveCfg = Debug|Any CPU
		{17ABD418-75E5-4681-B7D4-53B8E500BD92}.Debug|x64.Build.0 = Debug|Any CPU
		{17ABD418-75E5-4681-B7D4-53B8E500BD92}.Debug|x64.Deploy.0 = Debug|Any CPU
		{17ABD418-75E5-4681-B7D4-53B8E500BD92}.Debug|x86.ActiveCfg = Debug|Any CPU
		{17ABD418-75E5-4681-B7D4-53B8E500BD92}.Debug|x86.Build.0 = Debug|Any CPU
		{17ABD418-75E5-4681-B7D4-53B8E500BD92}.Debug|x86.Deploy.0 = Debug|Any CPU
		{17ABD418-75E5-4681-B7D4-53B8E500BD92}.Release|Any CPU.ActiveCfg = Release|Any CPU
		{17ABD418-75E5-4681-B7D4-53B8E500BD92}.Release|Any CPU.Build.0 = Release|Any CPU
		{17ABD418-75E5-4681-B7D4-53B8E500BD92}.Release|Any CPU.Deploy.0 = Release|Any CPU
		{17ABD418-75E5-4681-B7D4-53B8E500BD92}.Release|ARM.ActiveCfg = Release|Any CPU
		{17ABD418-75E5-4681-B7D4-53B8E500BD92}.Release|ARM.Build.0 = Release|Any CPU
		{17ABD418-75E5-4681-B7D4-53B8E500BD92}.Release|ARM.Deploy.0 = Release|Any CPU
		{17ABD418-75E5-4681-B7D4-53B8E500BD92}.Release|iPhone.ActiveCfg = Release|Any CPU
		{17ABD418-75E5-4681-B7D4-53B8E500BD92}.Release|iPhone.Build.0 = Release|Any CPU
		{17ABD418-75E5-4681-B7D4-53B8E500BD92}.Release|iPhone.Deploy.0 = Release|Any CPU
		{17ABD418-75E5-4681-B7D4-53B8E500BD92}.Release|iPhoneSimulator.ActiveCfg = Release|Any CPU
		{17ABD418-75E5-4681-B7D4-53B8E500BD92}.Release|iPhoneSimulator.Build.0 = Release|Any CPU
		{17ABD418-75E5-4681-B7D4-53B8E500BD92}.Release|iPhoneSimulator.Deploy.0 = Release|Any CPU
		{17ABD418-75E5-4681-B7D4-53B8E500BD92}.Release|x64.ActiveCfg = Release|Any CPU
		{17ABD418-75E5-4681-B7D4-53B8E500BD92}.Release|x64.Build.0 = Release|Any CPU
		{17ABD418-75E5-4681-B7D4-53B8E500BD92}.Release|x64.Deploy.0 = Release|Any CPU
		{17ABD418-75E5-4681-B7D4-53B8E500BD92}.Release|x86.ActiveCfg = Release|Any CPU
		{17ABD418-75E5-4681-B7D4-53B8E500BD92}.Release|x86.Build.0 = Release|Any CPU
		{17ABD418-75E5-4681-B7D4-53B8E500BD92}.Release|x86.Deploy.0 = Release|Any CPU
		{738AF99E-DD52-4DD3-A9CA-044E5D72B3BE}.Debug|Any CPU.ActiveCfg = Debug|iPhoneSimulator
		{738AF99E-DD52-4DD3-A9CA-044E5D72B3BE}.Debug|Any CPU.Build.0 = Debug|iPhoneSimulator
		{738AF99E-DD52-4DD3-A9CA-044E5D72B3BE}.Debug|Any CPU.Deploy.0 = Debug|iPhoneSimulator
		{738AF99E-DD52-4DD3-A9CA-044E5D72B3BE}.Debug|ARM.ActiveCfg = Debug|iPhone
		{738AF99E-DD52-4DD3-A9CA-044E5D72B3BE}.Debug|ARM.Build.0 = Debug|iPhone
		{738AF99E-DD52-4DD3-A9CA-044E5D72B3BE}.Debug|ARM.Deploy.0 = Debug|iPhone
		{738AF99E-DD52-4DD3-A9CA-044E5D72B3BE}.Debug|iPhone.ActiveCfg = Debug|iPhone
		{738AF99E-DD52-4DD3-A9CA-044E5D72B3BE}.Debug|iPhone.Build.0 = Debug|iPhone
		{738AF99E-DD52-4DD3-A9CA-044E5D72B3BE}.Debug|iPhone.Deploy.0 = Debug|iPhone
		{738AF99E-DD52-4DD3-A9CA-044E5D72B3BE}.Debug|iPhoneSimulator.ActiveCfg = Debug|iPhoneSimulator
		{738AF99E-DD52-4DD3-A9CA-044E5D72B3BE}.Debug|iPhoneSimulator.Build.0 = Debug|iPhoneSimulator
		{738AF99E-DD52-4DD3-A9CA-044E5D72B3BE}.Debug|iPhoneSimulator.Deploy.0 = Debug|iPhoneSimulator
		{738AF99E-DD52-4DD3-A9CA-044E5D72B3BE}.Debug|x64.ActiveCfg = Debug|iPhoneSimulator
		{738AF99E-DD52-4DD3-A9CA-044E5D72B3BE}.Debug|x64.Build.0 = Debug|iPhoneSimulator
		{738AF99E-DD52-4DD3-A9CA-044E5D72B3BE}.Debug|x64.Deploy.0 = Debug|iPhoneSimulator
		{738AF99E-DD52-4DD3-A9CA-044E5D72B3BE}.Debug|x86.ActiveCfg = Debug|iPhoneSimulator
		{738AF99E-DD52-4DD3-A9CA-044E5D72B3BE}.Debug|x86.Build.0 = Debug|iPhoneSimulator
		{738AF99E-DD52-4DD3-A9CA-044E5D72B3BE}.Debug|x86.Deploy.0 = Debug|iPhoneSimulator
		{738AF99E-DD52-4DD3-A9CA-044E5D72B3BE}.Release|Any CPU.ActiveCfg = Release|iPhoneSimulator
		{738AF99E-DD52-4DD3-A9CA-044E5D72B3BE}.Release|Any CPU.Build.0 = Release|iPhoneSimulator
		{738AF99E-DD52-4DD3-A9CA-044E5D72B3BE}.Release|Any CPU.Deploy.0 = Release|iPhoneSimulator
		{738AF99E-DD52-4DD3-A9CA-044E5D72B3BE}.Release|ARM.ActiveCfg = Release|iPhoneSimulator
		{738AF99E-DD52-4DD3-A9CA-044E5D72B3BE}.Release|ARM.Build.0 = Release|iPhoneSimulator
		{738AF99E-DD52-4DD3-A9CA-044E5D72B3BE}.Release|ARM.Deploy.0 = Release|iPhoneSimulator
		{738AF99E-DD52-4DD3-A9CA-044E5D72B3BE}.Release|iPhone.ActiveCfg = Release|iPhone
		{738AF99E-DD52-4DD3-A9CA-044E5D72B3BE}.Release|iPhone.Build.0 = Release|iPhone
		{738AF99E-DD52-4DD3-A9CA-044E5D72B3BE}.Release|iPhone.Deploy.0 = Release|iPhone
		{738AF99E-DD52-4DD3-A9CA-044E5D72B3BE}.Release|iPhoneSimulator.ActiveCfg = Release|iPhoneSimulator
		{738AF99E-DD52-4DD3-A9CA-044E5D72B3BE}.Release|iPhoneSimulator.Build.0 = Release|iPhoneSimulator
		{738AF99E-DD52-4DD3-A9CA-044E5D72B3BE}.Release|iPhoneSimulator.Deploy.0 = Release|iPhoneSimulator
		{738AF99E-DD52-4DD3-A9CA-044E5D72B3BE}.Release|x64.ActiveCfg = Release|iPhoneSimulator
		{738AF99E-DD52-4DD3-A9CA-044E5D72B3BE}.Release|x64.Build.0 = Release|iPhoneSimulator
		{738AF99E-DD52-4DD3-A9CA-044E5D72B3BE}.Release|x64.Deploy.0 = Release|iPhoneSimulator
		{738AF99E-DD52-4DD3-A9CA-044E5D72B3BE}.Release|x86.ActiveCfg = Release|iPhoneSimulator
		{738AF99E-DD52-4DD3-A9CA-044E5D72B3BE}.Release|x86.Build.0 = Release|iPhoneSimulator
		{738AF99E-DD52-4DD3-A9CA-044E5D72B3BE}.Release|x86.Deploy.0 = Release|iPhoneSimulator
		{AC96C279-C725-4427-B53F-6C8684167262}.Debug|Any CPU.ActiveCfg = Debug|Any CPU
		{AC96C279-C725-4427-B53F-6C8684167262}.Debug|Any CPU.Build.0 = Debug|Any CPU
		{AC96C279-C725-4427-B53F-6C8684167262}.Debug|Any CPU.Deploy.0 = Debug|Any CPU
		{AC96C279-C725-4427-B53F-6C8684167262}.Debug|ARM.ActiveCfg = Debug|Any CPU
		{AC96C279-C725-4427-B53F-6C8684167262}.Debug|ARM.Build.0 = Debug|Any CPU
		{AC96C279-C725-4427-B53F-6C8684167262}.Debug|ARM.Deploy.0 = Debug|Any CPU
		{AC96C279-C725-4427-B53F-6C8684167262}.Debug|iPhone.ActiveCfg = Debug|Any CPU
		{AC96C279-C725-4427-B53F-6C8684167262}.Debug|iPhone.Build.0 = Debug|Any CPU
		{AC96C279-C725-4427-B53F-6C8684167262}.Debug|iPhone.Deploy.0 = Debug|Any CPU
		{AC96C279-C725-4427-B53F-6C8684167262}.Debug|iPhoneSimulator.ActiveCfg = Debug|Any CPU
		{AC96C279-C725-4427-B53F-6C8684167262}.Debug|iPhoneSimulator.Build.0 = Debug|Any CPU
		{AC96C279-C725-4427-B53F-6C8684167262}.Debug|iPhoneSimulator.Deploy.0 = Debug|Any CPU
		{AC96C279-C725-4427-B53F-6C8684167262}.Debug|x64.ActiveCfg = Debug|Any CPU
		{AC96C279-C725-4427-B53F-6C8684167262}.Debug|x64.Build.0 = Debug|Any CPU
		{AC96C279-C725-4427-B53F-6C8684167262}.Debug|x64.Deploy.0 = Debug|Any CPU
		{AC96C279-C725-4427-B53F-6C8684167262}.Debug|x86.ActiveCfg = Debug|Any CPU
		{AC96C279-C725-4427-B53F-6C8684167262}.Debug|x86.Build.0 = Debug|Any CPU
		{AC96C279-C725-4427-B53F-6C8684167262}.Debug|x86.Deploy.0 = Debug|Any CPU
		{AC96C279-C725-4427-B53F-6C8684167262}.Release|Any CPU.ActiveCfg = Release|Any CPU
		{AC96C279-C725-4427-B53F-6C8684167262}.Release|Any CPU.Build.0 = Release|Any CPU
		{AC96C279-C725-4427-B53F-6C8684167262}.Release|Any CPU.Deploy.0 = Release|Any CPU
		{AC96C279-C725-4427-B53F-6C8684167262}.Release|ARM.ActiveCfg = Release|Any CPU
		{AC96C279-C725-4427-B53F-6C8684167262}.Release|ARM.Build.0 = Release|Any CPU
		{AC96C279-C725-4427-B53F-6C8684167262}.Release|ARM.Deploy.0 = Release|Any CPU
		{AC96C279-C725-4427-B53F-6C8684167262}.Release|iPhone.ActiveCfg = Release|Any CPU
		{AC96C279-C725-4427-B53F-6C8684167262}.Release|iPhone.Build.0 = Release|Any CPU
		{AC96C279-C725-4427-B53F-6C8684167262}.Release|iPhone.Deploy.0 = Release|Any CPU
		{AC96C279-C725-4427-B53F-6C8684167262}.Release|iPhoneSimulator.ActiveCfg = Release|Any CPU
		{AC96C279-C725-4427-B53F-6C8684167262}.Release|iPhoneSimulator.Build.0 = Release|Any CPU
		{AC96C279-C725-4427-B53F-6C8684167262}.Release|iPhoneSimulator.Deploy.0 = Release|Any CPU
		{AC96C279-C725-4427-B53F-6C8684167262}.Release|x64.ActiveCfg = Release|Any CPU
		{AC96C279-C725-4427-B53F-6C8684167262}.Release|x64.Build.0 = Release|Any CPU
		{AC96C279-C725-4427-B53F-6C8684167262}.Release|x64.Deploy.0 = Release|Any CPU
		{AC96C279-C725-4427-B53F-6C8684167262}.Release|x86.ActiveCfg = Release|Any CPU
		{AC96C279-C725-4427-B53F-6C8684167262}.Release|x86.Build.0 = Release|Any CPU
		{AC96C279-C725-4427-B53F-6C8684167262}.Release|x86.Deploy.0 = Release|Any CPU
	EndGlobalSection
	GlobalSection(SolutionProperties) = preSolution
		HideSolutionNode = FALSE
	EndGlobalSection
	GlobalSection(ExtensibilityGlobals) = postSolution
		SolutionGuid = {56EF52D9-C446-48A5-A0CB-6B4E89388CD9}
	EndGlobalSection
EndGlobal
